github.com/razonyang/hugo-theme-bootstrap v1.7.2 h1:PWeBsTOOa01XY4ASGHAVmsb16Z0D2R0QYisRVQSJO7Y=
github.com/razonyang/hugo-theme-bootstrap v1.7.2/go.mod h1:o+IIPL/5wreiTojnN4MsQqKuxbv3fWAQnMhG9geltQo=
github.com/syncriix/hugo-theme-bootstrap v1.2.1 h1:4eZIOHuYN+BL/MIbP1ummlbESfSfl+87vfWQoFi4Dc0=
github.com/syncriix/hugo-theme-bootstrap v1.2.1/go.mod h1:f3mJJYZDSp3iYp8zCWDS5aOX8Mdlv3ExXPLpZYK524U=
github.com/syncriix/hugo-theme-bootstrap v1.2.2-0.20250108212958-4cdbdf8ce8a0 h1:9dvFUF8LT5xfOsuT+8bWmvnTcOxP2cPenPlM7X5CZzU=
github.com/syncriix/hugo-theme-bootstrap v1.2.2-0.20250108212958-4cdbdf8ce8a0/go.mod h1:f3mJJYZDSp3iYp8zCWDS5aOX8Mdlv3ExXPLpZYK524U=
github.com/syncriix/hugo-theme-bootstrap v1.2.2-0.20250108214636-1ea630555222 h1:8QBPQWRJIezRWYWKv/FhtKspUJRt9H+58wIddYHfcy8=
github.com/syncriix/hugo-theme-bootstrap v1.2.2-0.20250108214636-1ea630555222/go.mod h1:f3mJJYZDSp3iYp8zCWDS5aOX8Mdlv3ExXPLpZYK524U=
