github.com/syncriix/hugo-theme-bootstrap v1.2.2-0.20241006204707-22322f03b573 h1:N/FKvzsIOaG3/Bh8G3pyWgJZfnK14dngRgCKAkREqFo=
github.com/syncriix/hugo-theme-bootstrap v1.2.2-0.20241006204707-22322f03b573/go.mod h1:f3mJJYZDSp3iYp8zCWDS5aOX8Mdlv3ExXPLpZYK524U=
github.com/syncriix/hugo-theme-bootstrap v1.2.2-0.20250108211859-74f62950379f h1:oE4qIJ0ft+r9ySlPjq7c4E8MmA6f593BpjdRoNVUYEw=
github.com/syncriix/hugo-theme-bootstrap v1.2.2-0.20250108211859-74f62950379f/go.mod h1:f3mJJYZDSp3iYp8zCWDS5aOX8Mdlv3ExXPLpZYK524U=
